
Microsoft Visual Studio Solution File, Format Version 12.00
# Visual Studio Version 17
VisualStudioVersion = 17.5.002.0
MinimumVisualStudioVersion = 10.0.40219.1
Project("{9A19103F-16F7-4668-BE54-9A1E7A4F7556}") = "MorseKod", "MorseKod.csproj", "{D986725D-F1C7-4AD3-9191-F77AEFE80D1C}"
EndProject
Global
	GlobalSection(SolutionConfigurationPlatforms) = preSolution
		Debug|Any CPU = Debug|Any CPU
		Release|Any CPU = Release|Any CPU
	EndGlobalSection
	GlobalSection(ProjectConfigurationPlatforms) = postSolution
		{D986725D-F1C7-4AD3-9191-F77AEFE80D1C}.Debug|Any CPU.ActiveCfg = Debug|Any CPU
		{D986725D-F1C7-4AD3-9191-F77AEFE80D1C}.Debug|Any CPU.Build.0 = Debug|Any CPU
		{D986725D-F1C7-4AD3-9191-F77AEFE80D1C}.Release|Any CPU.ActiveCfg = Release|Any CPU
		{D986725D-F1C7-4AD3-9191-F77AEFE80D1C}.Release|Any CPU.Build.0 = Release|Any CPU
	EndGlobalSection
	GlobalSection(SolutionProperties) = preSolution
		HideSolutionNode = FALSE
	EndGlobalSection
	GlobalSection(ExtensibilityGlobals) = postSolution
		SolutionGuid = {DF7A2605-B34E-449D-B8C3-770B7B543C35}
	EndGlobalSection
EndGlobal
