
Microsoft Visual Studio Solution File, Format Version 12.00
# Visual Studio Version 17
VisualStudioVersion = 17.5.002.0
MinimumVisualStudioVersion = 10.0.40219.1
Project("{9A19103F-16F7-4668-BE54-9A1E7A4F7556}") = "HelloWorld", "HelloWorld\HelloWorld.csproj", "{948FFD67-DFDB-48B7-92D3-157BE242DD58}"
EndProject
Project("{2150E333-8FDC-42A3-9474-1A3956D46DE8}") = "Kapitel-1", "Kapitel-1", "{AF7F73BF-F84F-48B6-814D-9BB715DA88EF}"
EndProject
Project("{9A19103F-16F7-4668-BE54-9A1E7A4F7556}") = "Lucktext", "Kapitel-1\Lucktext\Lucktext.csproj", "{9E08CE3E-FFD1-4BE6-8BC8-D2619A3363A1}"
EndProject
Project("{9A19103F-16F7-4668-BE54-9A1E7A4F7556}") = "Registrering", "Kapitel-1\Registrering\Registrering.csproj", "{7F210C32-34BE-4878-9413-9EC04C36C4A2}"
EndProject
Project("{2150E333-8FDC-42A3-9474-1A3956D46DE8}") = "Kapitel-3", "Kapitel-3", "{B099598B-494B-493D-B5A0-78FACFFE0AE8}"
EndProject
Project("{9A19103F-16F7-4668-BE54-9A1E7A4F7556}") = "Engineering Flowchart", "Kapitel-3\Engineering Flowchart\Engineering Flowchart.csproj", "{C6FF4331-7549-4EAD-87A8-EC2151C88C9B}"
EndProject
Project("{9A19103F-16F7-4668-BE54-9A1E7A4F7556}") = "InteractiveStory", "Kapitel-3\InteractiveStory\InteractiveStory.csproj", "{96124718-E758-4A57-B154-2BF2CDCD7E20}"
EndProject
Global
	GlobalSection(SolutionConfigurationPlatforms) = preSolution
		Debug|Any CPU = Debug|Any CPU
		Release|Any CPU = Release|Any CPU
	EndGlobalSection
	GlobalSection(ProjectConfigurationPlatforms) = postSolution
		{948FFD67-DFDB-48B7-92D3-157BE242DD58}.Debug|Any CPU.ActiveCfg = Debug|Any CPU
		{948FFD67-DFDB-48B7-92D3-157BE242DD58}.Debug|Any CPU.Build.0 = Debug|Any CPU
		{948FFD67-DFDB-48B7-92D3-157BE242DD58}.Release|Any CPU.ActiveCfg = Release|Any CPU
		{948FFD67-DFDB-48B7-92D3-157BE242DD58}.Release|Any CPU.Build.0 = Release|Any CPU
		{9E08CE3E-FFD1-4BE6-8BC8-D2619A3363A1}.Debug|Any CPU.ActiveCfg = Debug|Any CPU
		{9E08CE3E-FFD1-4BE6-8BC8-D2619A3363A1}.Debug|Any CPU.Build.0 = Debug|Any CPU
		{9E08CE3E-FFD1-4BE6-8BC8-D2619A3363A1}.Release|Any CPU.ActiveCfg = Release|Any CPU
		{9E08CE3E-FFD1-4BE6-8BC8-D2619A3363A1}.Release|Any CPU.Build.0 = Release|Any CPU
		{7F210C32-34BE-4878-9413-9EC04C36C4A2}.Debug|Any CPU.ActiveCfg = Debug|Any CPU
		{7F210C32-34BE-4878-9413-9EC04C36C4A2}.Debug|Any CPU.Build.0 = Debug|Any CPU
		{7F210C32-34BE-4878-9413-9EC04C36C4A2}.Release|Any CPU.ActiveCfg = Release|Any CPU
		{7F210C32-34BE-4878-9413-9EC04C36C4A2}.Release|Any CPU.Build.0 = Release|Any CPU
		{C6FF4331-7549-4EAD-87A8-EC2151C88C9B}.Debug|Any CPU.ActiveCfg = Debug|Any CPU
		{C6FF4331-7549-4EAD-87A8-EC2151C88C9B}.Debug|Any CPU.Build.0 = Debug|Any CPU
		{C6FF4331-7549-4EAD-87A8-EC2151C88C9B}.Release|Any CPU.ActiveCfg = Release|Any CPU
		{C6FF4331-7549-4EAD-87A8-EC2151C88C9B}.Release|Any CPU.Build.0 = Release|Any CPU
		{96124718-E758-4A57-B154-2BF2CDCD7E20}.Debug|Any CPU.ActiveCfg = Debug|Any CPU
		{96124718-E758-4A57-B154-2BF2CDCD7E20}.Debug|Any CPU.Build.0 = Debug|Any CPU
		{96124718-E758-4A57-B154-2BF2CDCD7E20}.Release|Any CPU.ActiveCfg = Release|Any CPU
		{96124718-E758-4A57-B154-2BF2CDCD7E20}.Release|Any CPU.Build.0 = Release|Any CPU
	EndGlobalSection
	GlobalSection(SolutionProperties) = preSolution
		HideSolutionNode = FALSE
	EndGlobalSection
	GlobalSection(NestedProjects) = preSolution
		{9E08CE3E-FFD1-4BE6-8BC8-D2619A3363A1} = {AF7F73BF-F84F-48B6-814D-9BB715DA88EF}
		{7F210C32-34BE-4878-9413-9EC04C36C4A2} = {AF7F73BF-F84F-48B6-814D-9BB715DA88EF}
		{C6FF4331-7549-4EAD-87A8-EC2151C88C9B} = {B099598B-494B-493D-B5A0-78FACFFE0AE8}
		{96124718-E758-4A57-B154-2BF2CDCD7E20} = {B099598B-494B-493D-B5A0-78FACFFE0AE8}
	EndGlobalSection
	GlobalSection(ExtensibilityGlobals) = postSolution
		SolutionGuid = {C13884FD-67DC-4A45-97C2-999D2855F41A}
	EndGlobalSection
EndGlobal
