
Microsoft Visual Studio Solution File, Format Version 12.00
# Visual Studio Version 17
VisualStudioVersion = 17.5.002.0
MinimumVisualStudioVersion = 10.0.40219.1
Project("{9A19103F-16F7-4668-BE54-9A1E7A4F7556}") = "MetoderMedParametrar", "MetoderMedParametrar.csproj", "{91C889DA-33F1-4D6D-89F4-B8C999893CBD}"
EndProject
Global
	GlobalSection(SolutionConfigurationPlatforms) = preSolution
		Debug|Any CPU = Debug|Any CPU
		Release|Any CPU = Release|Any CPU
	EndGlobalSection
	GlobalSection(ProjectConfigurationPlatforms) = postSolution
		{91C889DA-33F1-4D6D-89F4-B8C999893CBD}.Debug|Any CPU.ActiveCfg = Debug|Any CPU
		{91C889DA-33F1-4D6D-89F4-B8C999893CBD}.Debug|Any CPU.Build.0 = Debug|Any CPU
		{91C889DA-33F1-4D6D-89F4-B8C999893CBD}.Release|Any CPU.ActiveCfg = Release|Any CPU
		{91C889DA-33F1-4D6D-89F4-B8C999893CBD}.Release|Any CPU.Build.0 = Release|Any CPU
	EndGlobalSection
	GlobalSection(SolutionProperties) = preSolution
		HideSolutionNode = FALSE
	EndGlobalSection
	GlobalSection(ExtensibilityGlobals) = postSolution
		SolutionGuid = {3A185C9F-E619-4DA9-B005-B7A6DAB07A91}
	EndGlobalSection
EndGlobal
