
Microsoft Visual Studio Solution File, Format Version 12.00
# Visual Studio Version 17
VisualStudioVersion = 17.5.002.0
MinimumVisualStudioVersion = 10.0.40219.1
Project("{9A19103F-16F7-4668-BE54-9A1E7A4F7556}") = "KortSpel", "KortSpel.csproj", "{635809F6-D424-4BFC-94FE-C496C4F2801B}"
EndProject
Global
	GlobalSection(SolutionConfigurationPlatforms) = preSolution
		Debug|Any CPU = Debug|Any CPU
		Release|Any CPU = Release|Any CPU
	EndGlobalSection
	GlobalSection(ProjectConfigurationPlatforms) = postSolution
		{635809F6-D424-4BFC-94FE-C496C4F2801B}.Debug|Any CPU.ActiveCfg = Debug|Any CPU
		{635809F6-D424-4BFC-94FE-C496C4F2801B}.Debug|Any CPU.Build.0 = Debug|Any CPU
		{635809F6-D424-4BFC-94FE-C496C4F2801B}.Release|Any CPU.ActiveCfg = Release|Any CPU
		{635809F6-D424-4BFC-94FE-C496C4F2801B}.Release|Any CPU.Build.0 = Release|Any CPU
	EndGlobalSection
	GlobalSection(SolutionProperties) = preSolution
		HideSolutionNode = FALSE
	EndGlobalSection
	GlobalSection(ExtensibilityGlobals) = postSolution
		SolutionGuid = {B64CA719-DDA6-49B6-B680-85FD6AB13D9E}
	EndGlobalSection
EndGlobal
