
Microsoft Visual Studio Solution File, Format Version 12.00
# Visual Studio Version 17
VisualStudioVersion = 17.5.002.0
MinimumVisualStudioVersion = 10.0.40219.1
Project("{9A19103F-16F7-4668-BE54-9A1E7A4F7556}") = "SlumpadLista", "SlumpadLista.csproj", "{F32E5A7D-90AA-4FF9-86F4-817F9C64F99F}"
EndProject
Global
	GlobalSection(SolutionConfigurationPlatforms) = preSolution
		Debug|Any CPU = Debug|Any CPU
		Release|Any CPU = Release|Any CPU
	EndGlobalSection
	GlobalSection(ProjectConfigurationPlatforms) = postSolution
		{F32E5A7D-90AA-4FF9-86F4-817F9C64F99F}.Debug|Any CPU.ActiveCfg = Debug|Any CPU
		{F32E5A7D-90AA-4FF9-86F4-817F9C64F99F}.Debug|Any CPU.Build.0 = Debug|Any CPU
		{F32E5A7D-90AA-4FF9-86F4-817F9C64F99F}.Release|Any CPU.ActiveCfg = Release|Any CPU
		{F32E5A7D-90AA-4FF9-86F4-817F9C64F99F}.Release|Any CPU.Build.0 = Release|Any CPU
	EndGlobalSection
	GlobalSection(SolutionProperties) = preSolution
		HideSolutionNode = FALSE
	EndGlobalSection
	GlobalSection(ExtensibilityGlobals) = postSolution
		SolutionGuid = {7666CD08-1A77-4EFA-BFE8-9EEFA21034B8}
	EndGlobalSection
EndGlobal
